
Microsoft Visual Studio Solution File, Format Version 12.00
# Visual Studio Version 17
VisualStudioVersion = 17.8.34408.163
MinimumVisualStudioVersion = 10.0.40219.1
Project("{8BC9CEB8-8B4A-11D0-8D11-00A0C91BC942}") = "LibraryOOP", "LibraryOOP\LibraryOOP.vcxproj", "{330A56C7-3A7C-48C6-A489-D9503645285F}"
EndProject
Global
	GlobalSection(SolutionConfigurationPlatforms) = preSolution
		Debug|x64 = Debug|x64
		Debug|x86 = Debug|x86
		Release|x64 = Release|x64
		Release|x86 = Release|x86
	EndGlobalSection
	GlobalSection(ProjectConfigurationPlatforms) = postSolution
		{330A56C7-3A7C-48C6-A489-D9503645285F}.Debug|x64.ActiveCfg = Debug|x64
		{330A56C7-3A7C-48C6-A489-D9503645285F}.Debug|x64.Build.0 = Debug|x64
		{330A56C7-3A7C-48C6-A489-D9503645285F}.Debug|x86.ActiveCfg = Debug|Win32
		{330A56C7-3A7C-48C6-A489-D9503645285F}.Debug|x86.Build.0 = Debug|Win32
		{330A56C7-3A7C-48C6-A489-D9503645285F}.Release|x64.ActiveCfg = Release|x64
		{330A56C7-3A7C-48C6-A489-D9503645285F}.Release|x64.Build.0 = Release|x64
		{330A56C7-3A7C-48C6-A489-D9503645285F}.Release|x86.ActiveCfg = Release|Win32
		{330A56C7-3A7C-48C6-A489-D9503645285F}.Release|x86.Build.0 = Release|Win32
	EndGlobalSection
	GlobalSection(SolutionProperties) = preSolution
		HideSolutionNode = FALSE
	EndGlobalSection
	GlobalSection(ExtensibilityGlobals) = postSolution
		SolutionGuid = {98C74ADF-307F-400C-ACD0-9F00F80BB750}
	EndGlobalSection
EndGlobal
